<?xml version="1.0" encoding="utf-8"?>
<Project ToolsVersion="4.0" xmlns="http://schemas.microsoft.com/developer/msbuild/2003">
  <ItemGroup>
    <Filter Include="src">
      <UniqueIdentifier>{942f8909-68db-44ee-8819-629835879912}</UniqueIdentifier>
    </Filter>
  </ItemGroup>
  <ItemGroup>
    <ClCompile Include="src\main.cpp">
      <Filter>src</Filter>
    </ClCompile>
    <ClCompile Include="src\sample_application.cpp">
      <Filter>src</Filter>
    </ClCompile>
  </ItemGroup>
  <ItemGroup>
    <ClInclude Include="src\sample_application.h">
      <Filter>src</Filter>
    </ClInclude>
  </ItemGroup>
  <ItemGroup>
    <None Include="packages.config" />
    <None Include="shaders\classify.c.hlsl" />
    <None Include="shaders\clear_arg.c.hlsl" />
    <None Include="shaders\fullscreen.vv.hlsl" />
    <None Include="shaders\lighting.c.hlsl" />
    <None Include="shaders\material_depth.p.hlsl" />
    <None Include="shaders\material_tile.p.hlsl" />
    <None Include="shaders\material_tile.vv.hlsl" />
    <None Include="shaders\mesh.p.hlsl" />
    <None Include="shaders\mesh.vv.hlsl" />
    <None Include="shaders\tonemap.p.hlsl" />
    <None Include="shaders\visibility.p.hlsl" />
    <None Include="shaders\visibility.vv.hlsl" />
    <None Include="shaders\cbuffer.hlsli" />
  </ItemGroup>
</Project>