<?xml version="1.0" encoding="utf-8"?>
<Project ToolsVersion="4.0" xmlns="http://schemas.microsoft.com/developer/msbuild/2003">
  <ItemGroup>
    <Filter Include="src">
      <UniqueIdentifier>{942f8909-68db-44ee-8819-629835879912}</UniqueIdentifier>
    </Filter>
    <Filter Include="shaders">
      <UniqueIdentifier>{912323d3-9cc5-40cc-92a0-d8dac7a4c5b8}</UniqueIdentifier>
    </Filter>
  </ItemGroup>
  <ItemGroup>
    <ClCompile Include="src\main.cpp">
      <Filter>src</Filter>
    </ClCompile>
    <ClCompile Include="src\sample_application.cpp">
      <Filter>src</Filter>
    </ClCompile>
  </ItemGroup>
  <ItemGroup>
    <ClInclude Include="src\sample_application.h">
      <Filter>src</Filter>
    </ClInclude>
  </ItemGroup>
  <ItemGroup>
    <None Include="shaders\blur.p.hlsl">
      <Filter>shaders</Filter>
    </None>
    <None Include="shaders\visibility_buffer.hlsli">
      <Filter>shaders</Filter>
    </None>
    <None Include="shaders\visibility.vv.hlsl">
      <Filter>shaders</Filter>
    </None>
    <None Include="shaders\visibility.p.hlsl">
      <Filter>shaders</Filter>
    </None>
    <None Include="shaders\ts_normal_to_deriv.c.hlsl">
      <Filter>shaders</Filter>
    </None>
    <None Include="shaders\triplanar.vv.hlsl">
      <Filter>shaders</Filter>
    </None>
    <None Include="shaders\triplanar.p.hlsl">
      <Filter>shaders</Filter>
    </None>
    <None Include="shaders\tonemap.p.hlsl">
      <Filter>shaders</Filter>
    </None>
    <None Include="shaders\surface_gradient.hlsli">
      <Filter>shaders</Filter>
    </None>
    <None Include="shaders\ssao_hbao.c.hlsl">
      <Filter>shaders</Filter>
    </None>
    <None Include="shaders\ssao_bitmask.c.hlsl">
      <Filter>shaders</Filter>
    </None>
    <None Include="shaders\ssao.c.hlsl">
      <Filter>shaders</Filter>
    </None>
    <None Include="shaders\shadow.vv.hlsl">
      <Filter>shaders</Filter>
    </None>
    <None Include="shaders\shadow.p.hlsl">
      <Filter>shaders</Filter>
    </None>
    <None Include="shaders\mesh.vv.hlsl">
      <Filter>shaders</Filter>
    </None>
    <None Include="shaders\mesh.p.hlsl">
      <Filter>shaders</Filter>
    </None>
    <None Include="shaders\material_tile_triplanar.p.hlsl">
      <Filter>shaders</Filter>
    </None>
    <None Include="shaders\material_tile.vv.hlsl">
      <Filter>shaders</Filter>
    </None>
    <None Include="shaders\material_tile.p.hlsl">
      <Filter>shaders</Filter>
    </None>
    <None Include="shaders\material_depth.p.hlsl">
      <Filter>shaders</Filter>
    </None>
    <None Include="shaders\lighting.c.hlsl">
      <Filter>shaders</Filter>
    </None>
    <None Include="shaders\fullscreen.vv.hlsl">
      <Filter>shaders</Filter>
    </None>
    <None Include="shaders\clear_arg.c.hlsl">
      <Filter>shaders</Filter>
    </None>
    <None Include="shaders\classify.c.hlsl">
      <Filter>shaders</Filter>
    </None>
    <None Include="shaders\cbuffer.hlsli">
      <Filter>shaders</Filter>
    </None>
    <None Include="packages.config" />
    <None Include="shaders\denoise.c.hlsl">
      <Filter>shaders</Filter>
    </None>
    <None Include="shaders\ssgi.c.hlsl" />
    <None Include="shaders\indirect_lighting.c.hlsl" />
    <None Include="shaders\deinterleave.c.hlsl" />
    <None Include="shaders\ssgi_deinterleave.c.hlsl" />
    <None Include="shaders\ssgi_standard.c.hlsl" />
    <None Include="shaders\denoise_with_gi.c.hlsl" />
    <None Include="shaders\meshlet_cull.c.hlsl" />
    <None Include="shaders\depth.vv.hlsl" />
    <None Include="shaders\miplevel_feedback.c.hlsl" />
    <None Include="shaders\visibility_mesh.a.hlsl" />
    <None Include="shaders\visibility_mesh.m.hlsl" />
    <None Include="shaders\visibility_mesh.p.hlsl" />
    <None Include="shaders\depth_reduction.p.hlsl" />
    <None Include="shaders\visibility_mesh_1st.a.hlsl" />
    <None Include="shaders\visibility_mesh_2nd.a.hlsl" />
    <None Include="shaders\culling.hlsli" />
    <None Include="shaders\mesh_shader.hlsli" />
  </ItemGroup>
</Project>