<?xml version="1.0" encoding="utf-8"?>
<Project ToolsVersion="4.0" xmlns="http://schemas.microsoft.com/developer/msbuild/2003">
  <ItemGroup>
    <Filter Include="src">
      <UniqueIdentifier>{942f8909-68db-44ee-8819-629835879912}</UniqueIdentifier>
    </Filter>
    <Filter Include="shaders">
      <UniqueIdentifier>{912323d3-9cc5-40cc-92a0-d8dac7a4c5b8}</UniqueIdentifier>
    </Filter>
    <Filter Include="src\pass">
      <UniqueIdentifier>{30e1f4aa-b78b-49aa-a18a-b9f3c8f2b6c6}</UniqueIdentifier>
    </Filter>
    <Filter Include="shaders\ddgi">
      <UniqueIdentifier>{f2eaa012-cbf2-4dbc-96f9-cb6d463957f3}</UniqueIdentifier>
    </Filter>
    <Filter Include="shaders\mesh">
      <UniqueIdentifier>{51a6b074-f541-482d-8cb4-ce0fe3e21fe2}</UniqueIdentifier>
    </Filter>
    <Filter Include="shaders\raytracing">
      <UniqueIdentifier>{21cd6c6e-f413-4cea-bbe6-3905f75fec6d}</UniqueIdentifier>
    </Filter>
    <Filter Include="shaders\shadow">
      <UniqueIdentifier>{d1e3b3f2-9b1a-4946-857d-c1673cd4dee8}</UniqueIdentifier>
    </Filter>
    <Filter Include="shaders\ssao">
      <UniqueIdentifier>{77a9e65c-dd84-4e47-bf86-bbc9d5835005}</UniqueIdentifier>
    </Filter>
    <Filter Include="shaders\svgf">
      <UniqueIdentifier>{fc1e56fa-91ba-478e-a5c6-13652b1bad21}</UniqueIdentifier>
    </Filter>
    <Filter Include="shaders\util">
      <UniqueIdentifier>{96fff53f-4464-42a6-a9a9-a87ae4b9e721}</UniqueIdentifier>
    </Filter>
    <Filter Include="shaders\visibility">
      <UniqueIdentifier>{84510175-8384-4f55-977c-04c8a4e435d5}</UniqueIdentifier>
    </Filter>
    <Filter Include="shaders\water">
      <UniqueIdentifier>{6dfd0e76-f89b-4163-9b48-d907a31d7424}</UniqueIdentifier>
    </Filter>
  </ItemGroup>
  <ItemGroup>
    <ClCompile Include="src\main.cpp">
      <Filter>src</Filter>
    </ClCompile>
    <ClCompile Include="src\sample_application.cpp">
      <Filter>src</Filter>
    </ClCompile>
    <ClCompile Include="src\pass\gbuffer_pass.cpp">
      <Filter>src\pass</Filter>
    </ClCompile>
    <ClCompile Include="src\pass\indirect_light_pass.cpp">
      <Filter>src\pass</Filter>
    </ClCompile>
    <ClCompile Include="src\meshlet_resource.cpp">
      <Filter>src</Filter>
    </ClCompile>
    <ClCompile Include="src\rt_pipeline_manager.cpp">
      <Filter>src</Filter>
    </ClCompile>
    <ClCompile Include="src\scene.cpp">
      <Filter>src</Filter>
    </ClCompile>
    <ClCompile Include="src\pass\shadowmap_pass.cpp">
      <Filter>src\pass</Filter>
    </ClCompile>
    <ClCompile Include="src\pass\water_pass.cpp">
      <Filter>src\pass</Filter>
    </ClCompile>
    <ClCompile Include="src\pass\raytracing_pass.cpp">
      <Filter>src\pass</Filter>
    </ClCompile>
    <ClCompile Include="src\pass\utility_pass.cpp">
      <Filter>src\pass</Filter>
    </ClCompile>
    <ClCompile Include="src\pass\visibility_pass.cpp">
      <Filter>src\pass</Filter>
    </ClCompile>
    <ClCompile Include="src\xess_context.cpp">
      <Filter>src</Filter>
    </ClCompile>
    <ClCompile Include="src\pass\xess_pass.cpp">
      <Filter>src\pass</Filter>
    </ClCompile>
  </ItemGroup>
  <ItemGroup>
    <ClInclude Include="src\sample_application.h">
      <Filter>src</Filter>
    </ClInclude>
    <ClInclude Include="src\app_pass_base.h">
      <Filter>src</Filter>
    </ClInclude>
    <ClInclude Include="src\pass\gbuffer_pass.h">
      <Filter>src\pass</Filter>
    </ClInclude>
    <ClInclude Include="src\pass\indirect_light_pass.h">
      <Filter>src\pass</Filter>
    </ClInclude>
    <ClInclude Include="src\meshlet_resource.h">
      <Filter>src</Filter>
    </ClInclude>
    <ClInclude Include="src\pass\render_resource_settings.h">
      <Filter>src</Filter>
    </ClInclude>
    <ClInclude Include="src\rt_pipeline_manager.h">
      <Filter>src</Filter>
    </ClInclude>
    <ClInclude Include="src\scene.h">
      <Filter>src</Filter>
    </ClInclude>
    <ClInclude Include="src\shader_types.h">
      <Filter>src</Filter>
    </ClInclude>
    <ClInclude Include="src\pass\shadowmap_pass.h">
      <Filter>src\pass</Filter>
    </ClInclude>
    <ClInclude Include="src\pass\water_pass.h">
      <Filter>src\pass</Filter>
    </ClInclude>
    <ClInclude Include="src\pass\raytracing_pass.h">
      <Filter>src\pass</Filter>
    </ClInclude>
    <ClInclude Include="src\pass\utility_pass.h">
      <Filter>src\pass</Filter>
    </ClInclude>
    <ClInclude Include="src\pass\visibility_pass.h">
      <Filter>src\pass</Filter>
    </ClInclude>
    <ClInclude Include="src\xess_context.h">
      <Filter>src</Filter>
    </ClInclude>
    <ClInclude Include="src\pass\xess_pass.h">
      <Filter>src\pass</Filter>
    </ClInclude>
  </ItemGroup>
  <ItemGroup>
    <None Include="shaders\ts_normal_to_deriv.c.hlsl">
      <Filter>shaders</Filter>
    </None>
    <None Include="shaders\triplanar.vv.hlsl">
      <Filter>shaders</Filter>
    </None>
    <None Include="shaders\triplanar.p.hlsl">
      <Filter>shaders</Filter>
    </None>
    <None Include="shaders\surface_gradient.hlsli">
      <Filter>shaders</Filter>
    </None>
    <None Include="shaders\cbuffer.hlsli">
      <Filter>shaders</Filter>
    </None>
    <None Include="packages.config" />
    <None Include="shaders\constant_defs.h">
      <Filter>shaders</Filter>
    </None>
    <None Include="shaders\culling.hlsli">
      <Filter>shaders</Filter>
    </None>
    <None Include="shaders\debug.p.hlsl">
      <Filter>shaders</Filter>
    </None>
    <None Include="shaders\xess_velocity.c.hlsl">
      <Filter>shaders</Filter>
    </None>
    <None Include="shaders\ddgi\apply_ddgi.c.hlsl">
      <Filter>shaders\ddgi</Filter>
    </None>
    <None Include="shaders\ddgi\ddgi_debug.p.hlsl">
      <Filter>shaders\ddgi</Filter>
    </None>
    <None Include="shaders\ddgi\ddgi_debug.vv.hlsl">
      <Filter>shaders\ddgi</Filter>
    </None>
    <None Include="shaders\mesh\depth_masked.p.hlsl">
      <Filter>shaders\mesh</Filter>
    </None>
    <None Include="shaders\mesh\depth_masked.vv.hlsl">
      <Filter>shaders\mesh</Filter>
    </None>
    <None Include="shaders\mesh\depth_opaque.vv.hlsl">
      <Filter>shaders\mesh</Filter>
    </None>
    <None Include="shaders\mesh\mesh.p.hlsli">
      <Filter>shaders\mesh</Filter>
    </None>
    <None Include="shaders\mesh\mesh.vv.hlsl">
      <Filter>shaders\mesh</Filter>
    </None>
    <None Include="shaders\mesh\mesh_masked.p.hlsl">
      <Filter>shaders\mesh</Filter>
    </None>
    <None Include="shaders\mesh\mesh_opaque.p.hlsl">
      <Filter>shaders\mesh</Filter>
    </None>
    <None Include="shaders\mesh\mesh_xlu.p.hlsl">
      <Filter>shaders\mesh</Filter>
    </None>
    <None Include="shaders\mesh\mesh_xlu.vv.hlsl">
      <Filter>shaders\mesh</Filter>
    </None>
    <None Include="shaders\mesh\meshlet_cull.c.hlsl">
      <Filter>shaders\mesh</Filter>
    </None>
    <None Include="shaders\raytracing\payload.hlsli">
      <Filter>shaders\raytracing</Filter>
    </None>
    <None Include="shaders\raytracing\restir.hlsli">
      <Filter>shaders\raytracing</Filter>
    </None>
    <None Include="shaders\raytracing\rt_material.lib.hlsl">
      <Filter>shaders\raytracing</Filter>
    </None>
    <None Include="shaders\raytracing\rt_monte_carlo_gi.lib.hlsl">
      <Filter>shaders\raytracing</Filter>
    </None>
    <None Include="shaders\raytracing\rt_probe_trace.lib.hlsl">
      <Filter>shaders\raytracing</Filter>
    </None>
    <None Include="shaders\raytracing\rt_resolve_gi.c.hlsl">
      <Filter>shaders\raytracing</Filter>
    </None>
    <None Include="shaders\raytracing\rt_restir_gi.lib.hlsl">
      <Filter>shaders\raytracing</Filter>
    </None>
    <None Include="shaders\raytracing\rt_spatial_reuse.c.hlsl">
      <Filter>shaders\raytracing</Filter>
    </None>
    <None Include="shaders\shadow\blur.p.hlsl">
      <Filter>shaders\shadow</Filter>
    </None>
    <None Include="shaders\shadow\shadow.p.hlsl">
      <Filter>shaders\shadow</Filter>
    </None>
    <None Include="shaders\shadow\shadow_masked.p.hlsl">
      <Filter>shaders\shadow</Filter>
    </None>
    <None Include="shaders\shadow\shadow_masked.vv.hlsl">
      <Filter>shaders\shadow</Filter>
    </None>
    <None Include="shaders\shadow\shadow_opaque.vv.hlsl">
      <Filter>shaders\shadow</Filter>
    </None>
    <None Include="shaders\ssao\deinterleave.c.hlsl">
      <Filter>shaders\ssao</Filter>
    </None>
    <None Include="shaders\ssao\denoise.c.hlsl">
      <Filter>shaders\ssao</Filter>
    </None>
    <None Include="shaders\ssao\denoise_with_gi.c.hlsl">
      <Filter>shaders\ssao</Filter>
    </None>
    <None Include="shaders\ssao\indirect_lighting.c.hlsl">
      <Filter>shaders\ssao</Filter>
    </None>
    <None Include="shaders\ssao\ssao.c.hlsl">
      <Filter>shaders\ssao</Filter>
    </None>
    <None Include="shaders\ssao\ssao_bitmask.c.hlsl">
      <Filter>shaders\ssao</Filter>
    </None>
    <None Include="shaders\ssao\ssao_hbao.c.hlsl">
      <Filter>shaders\ssao</Filter>
    </None>
    <None Include="shaders\ssao\ssgi.c.hlsl">
      <Filter>shaders\ssao</Filter>
    </None>
    <None Include="shaders\ssao\ssgi_deinterleave.c.hlsl">
      <Filter>shaders\ssao</Filter>
    </None>
    <None Include="shaders\ssao\ssgi_standard.c.hlsl">
      <Filter>shaders\ssao</Filter>
    </None>
    <None Include="shaders\svgf\svgf_atrous.c.hlsl">
      <Filter>shaders\svgf</Filter>
    </None>
    <None Include="shaders\svgf\svgf_prepass.c.hlsl">
      <Filter>shaders\svgf</Filter>
    </None>
    <None Include="shaders\svgf\svgf_temporal.c.hlsl">
      <Filter>shaders\svgf</Filter>
    </None>
    <None Include="shaders\util\depth_reduction.c.hlsl">
      <Filter>shaders\util</Filter>
    </None>
    <None Include="shaders\util\depth_reduction.p.hlsl">
      <Filter>shaders\util</Filter>
    </None>
    <None Include="shaders\util\fullscreen.vv.hlsl">
      <Filter>shaders\util</Filter>
    </None>
    <None Include="shaders\util\lighting.c.hlsl">
      <Filter>shaders\util</Filter>
    </None>
    <None Include="shaders\util\lighting_evsm.c.hlsl">
      <Filter>shaders\util</Filter>
    </None>
    <None Include="shaders\util\lighting_sm.c.hlsl">
      <Filter>shaders\util</Filter>
    </None>
    <None Include="shaders\util\make_irradiance.c.hlsl">
      <Filter>shaders\util</Filter>
    </None>
    <None Include="shaders\util\miplevel_feedback.c.hlsl">
      <Filter>shaders\util</Filter>
    </None>
    <None Include="shaders\util\motion_vector.c.hlsl">
      <Filter>shaders\util</Filter>
    </None>
    <None Include="shaders\util\tonemap.p.hlsl">
      <Filter>shaders\util</Filter>
    </None>
    <None Include="shaders\util\upscale.p.hlsl">
      <Filter>shaders\util</Filter>
    </None>
    <None Include="shaders\util\vrs.c.hlsl">
      <Filter>shaders\util</Filter>
    </None>
    <None Include="shaders\util\vrs.hlsli">
      <Filter>shaders\util</Filter>
    </None>
    <None Include="shaders\visibility\classify.c.hlsl">
      <Filter>shaders\visibility</Filter>
    </None>
    <None Include="shaders\visibility\clear_arg.c.hlsl">
      <Filter>shaders\visibility</Filter>
    </None>
    <None Include="shaders\visibility\mesh_shader.hlsli">
      <Filter>shaders\visibility</Filter>
    </None>
    <None Include="shaders\visibility\material_binning.c.hlsl">
      <Filter>shaders\visibility</Filter>
    </None>
    <None Include="shaders\visibility\material_depth.p.hlsl">
      <Filter>shaders\visibility</Filter>
    </None>
    <None Include="shaders\visibility\material_gbuffer.c.hlsl">
      <Filter>shaders\visibility</Filter>
    </None>
    <None Include="shaders\visibility\material_resolve.lib.hlsl">
      <Filter>shaders\visibility</Filter>
    </None>
    <None Include="shaders\visibility\material_tile.c.hlsl">
      <Filter>shaders\visibility</Filter>
    </None>
    <None Include="shaders\visibility\material_tile.p.hlsl">
      <Filter>shaders\visibility</Filter>
    </None>
    <None Include="shaders\visibility\material_tile.vv.hlsl">
      <Filter>shaders\visibility</Filter>
    </None>
    <None Include="shaders\visibility\material_tile_triplanar.p.hlsl">
      <Filter>shaders\visibility</Filter>
    </None>
    <None Include="shaders\visibility\prefix_sum.c.hlsl">
      <Filter>shaders\visibility</Filter>
    </None>
    <None Include="shaders\visibility\visibility_buffer.hlsli">
      <Filter>shaders\visibility</Filter>
    </None>
    <None Include="shaders\visibility\visibility_masked.p.hlsl">
      <Filter>shaders\visibility</Filter>
    </None>
    <None Include="shaders\visibility\visibility_masked.vv.hlsl">
      <Filter>shaders\visibility</Filter>
    </None>
    <None Include="shaders\visibility\visibility_mesh.a.hlsl">
      <Filter>shaders\visibility</Filter>
    </None>
    <None Include="shaders\visibility\visibility_mesh_1st.a.hlsl">
      <Filter>shaders\visibility</Filter>
    </None>
    <None Include="shaders\visibility\visibility_mesh_2nd.a.hlsl">
      <Filter>shaders\visibility</Filter>
    </None>
    <None Include="shaders\visibility\visibility_mesh_masked.m.hlsl">
      <Filter>shaders\visibility</Filter>
    </None>
    <None Include="shaders\visibility\visibility_mesh_masked.p.hlsl">
      <Filter>shaders\visibility</Filter>
    </None>
    <None Include="shaders\visibility\visibility_mesh_mesh_shader.hlsli">
      <Filter>shaders\visibility</Filter>
    </None>
    <None Include="shaders\visibility\visibility_mesh_opaque.m.hlsl">
      <Filter>shaders\visibility</Filter>
    </None>
    <None Include="shaders\visibility\visibility_mesh_opaque.p.hlsl">
      <Filter>shaders\visibility</Filter>
    </None>
    <None Include="shaders\visibility\visibility_mesh_pixel_shader.hlsli">
      <Filter>shaders\visibility</Filter>
    </None>
    <None Include="shaders\visibility\visibility_opaque.p.hlsl">
      <Filter>shaders\visibility</Filter>
    </None>
    <None Include="shaders\visibility\visibility_opaque.vv.hlsl">
      <Filter>shaders\visibility</Filter>
    </None>
    <None Include="shaders\water\water.p.hlsl">
      <Filter>shaders\water</Filter>
    </None>
    <None Include="shaders\water\water.vv.hlsl">
      <Filter>shaders\water</Filter>
    </None>
    <None Include="shaders\water\water_mipmap.c.hlsl">
      <Filter>shaders\water</Filter>
    </None>
    <None Include="shaders\water\water_newton.p.hlsl">
      <Filter>shaders\water</Filter>
    </None>
    <None Include="shaders\water\water_newton_face.p.hlsl">
      <Filter>shaders\water</Filter>
    </None>
    <None Include="shaders\water\water_raymarch.p.hlsl">
      <Filter>shaders\water</Filter>
    </None>
    <None Include="shaders\water\water_uniform.p.hlsl">
      <Filter>shaders\water</Filter>
    </None>
  </ItemGroup>
</Project>